
Microsoft Visual Studio Solution File, Format Version 12.00
# Visual Studio Version 17
VisualStudioVersion = 17.5.002.0
MinimumVisualStudioVersion = 10.0.40219.1
Project("{9A19103F-16F7-4668-BE54-9A1E7A4F7556}") = "ch03_programming_constructs_part_1", "ch03_programming_constructs_part_1.csproj", "{AC49BB41-8622-4935-BE3E-07CC46AB2452}"
EndProject
Global
	GlobalSection(SolutionConfigurationPlatforms) = preSolution
		Debug|Any CPU = Debug|Any CPU
		Release|Any CPU = Release|Any CPU
	EndGlobalSection
	GlobalSection(ProjectConfigurationPlatforms) = postSolution
		{AC49BB41-8622-4935-BE3E-07CC46AB2452}.Debug|Any CPU.ActiveCfg = Debug|Any CPU
		{AC49BB41-8622-4935-BE3E-07CC46AB2452}.Debug|Any CPU.Build.0 = Debug|Any CPU
		{AC49BB41-8622-4935-BE3E-07CC46AB2452}.Release|Any CPU.ActiveCfg = Release|Any CPU
		{AC49BB41-8622-4935-BE3E-07CC46AB2452}.Release|Any CPU.Build.0 = Release|Any CPU
	EndGlobalSection
	GlobalSection(SolutionProperties) = preSolution
		HideSolutionNode = FALSE
	EndGlobalSection
	GlobalSection(ExtensibilityGlobals) = postSolution
		SolutionGuid = {916B48B2-F372-43E2-809D-77C033A4A458}
	EndGlobalSection
EndGlobal
